PODS:
  - Flutter (1.0.0)
  - NWWebSocket (0.5.10)
  - pusher_channels_flutter (0.0.1):
    - Flutter
    - PusherSwift (~> 10.1.9)
  - PusherSwift (10.1.10):
    - NWWebSocket (~> 0.5.10)
    - PusherTweetNacl (~> 1.2.0)
  - PusherTweetNacl (1.2.0)
  - shared_preferences_foundation (0.0.1):
    - Flutter
    - FlutterMacOS

DEPENDENCIES:
  - Flutter (from `Flutter`)
  - pusher_channels_flutter (from `.symlinks/plugins/pusher_channels_flutter/ios`)
  - shared_preferences_foundation (from `.symlinks/plugins/shared_preferences_foundation/darwin`)

SPEC REPOS:
  trunk:
    - NWWebSocket
    - PusherSwift
    - PusherTweetNacl

EXTERNAL SOURCES:
  Flutter:
    :path: Flutter
  pusher_channels_flutter:
    :path: ".symlinks/plugins/pusher_channels_flutter/ios"
  shared_preferences_foundation:
    :path: ".symlinks/plugins/shared_preferences_foundation/darwin"

SPEC CHECKSUMS:
  Flutter: cabc95a1d2626b1b06e7179b784ebcf0c0cde467
  NWWebSocket: 873eb4b18acd0317da70cdba388d792a3187ce00
  pusher_channels_flutter: 2723222f2686852dd91d13780938d11cca114a39
  PusherSwift: 6022fe6584b4317dc5c177091292b2a4d80a8c35
  PusherTweetNacl: 015f56f2cf010e718703f2bd9bca66fdcc91b208
  shared_preferences_foundation: 7036424c3d8ec98dfe75ff1667cb0cd531ec82bb

PODFILE CHECKSUM: 3c63482e143d1b91d2d2560aee9fb04ecc74ac7e

COCOAPODS: 1.16.2
